{
  "name": "aes",
  "version": "1.0.0",
  "lockfileVersion": 1,
  "requires": true,
  "dependencies": {
    "aes-256-gcm": {
      "version": "1.0.3",
      "resolved": "https://registry.npmjs.org/aes-256-gcm/-/aes-256-gcm-1.0.3.tgz",
      "integrity": "sha512-+8ZxU/Oq7EBueJKmUyeNni7YGfcgL3RSoXvOgHPn9FPtRSDctWwH1gJb+TfcwnoLZ32y4DWIHJTIoWnHNI5qIw=="
    },
    "nodejs-base64": {
      "version": "2.0.0",
      "resolved": "https://registry.npmjs.org/nodejs-base64/-/nodejs-base64-2.0.0.tgz",
      "integrity": "sha512-rf83teAz8f251P+HQW0nZyIhIIKrTs8wz11n5+Dp1b+/oWCYSeCfNfbUqda5B0DhspBVXwJ7SPk8aghv/TFsjQ=="
    }
  }
}
